
Microsoft Visual Studio Solution File, Format Version 12.00
# Visual Studio Version 17
VisualStudioVersion = 17.5.002.0
MinimumVisualStudioVersion = 10.0.40219.1
Project("{9A19103F-16F7-4668-BE54-9A1E7A4F7556}") = "Task1", "Task1\Task1.csproj", "{778F1830-20BB-478D-B8D5-874F9892A778}"
EndProject
Project("{9A19103F-16F7-4668-BE54-9A1E7A4F7556}") = "Task2", "Task2\Task2.csproj", "{98F83FB7-821F-488B-9814-B9E51054BE48}"
EndProject
Project("{9A19103F-16F7-4668-BE54-9A1E7A4F7556}") = "Task3", "Task3\Task3.csproj", "{73D942EB-5F48-47D9-83C1-F46C2C8E5363}"
EndProject
Project("{9A19103F-16F7-4668-BE54-9A1E7A4F7556}") = "Task4", "Task4\Task4.csproj", "{ABFDCA78-411C-4B4E-965C-8073E28CB035}"
EndProject
Project("{9A19103F-16F7-4668-BE54-9A1E7A4F7556}") = "Task5", "Task5\Task5.csproj", "{CE30A179-F69E-41FB-A999-8D10FDF2A5D7}"
EndProject
Global
	GlobalSection(SolutionConfigurationPlatforms) = preSolution
		Debug|Any CPU = Debug|Any CPU
		Release|Any CPU = Release|Any CPU
	EndGlobalSection
	GlobalSection(ProjectConfigurationPlatforms) = postSolution
		{778F1830-20BB-478D-B8D5-874F9892A778}.Debug|Any CPU.ActiveCfg = Debug|Any CPU
		{778F1830-20BB-478D-B8D5-874F9892A778}.Debug|Any CPU.Build.0 = Debug|Any CPU
		{778F1830-20BB-478D-B8D5-874F9892A778}.Release|Any CPU.ActiveCfg = Release|Any CPU
		{778F1830-20BB-478D-B8D5-874F9892A778}.Release|Any CPU.Build.0 = Release|Any CPU
		{98F83FB7-821F-488B-9814-B9E51054BE48}.Debug|Any CPU.ActiveCfg = Debug|Any CPU
		{98F83FB7-821F-488B-9814-B9E51054BE48}.Debug|Any CPU.Build.0 = Debug|Any CPU
		{98F83FB7-821F-488B-9814-B9E51054BE48}.Release|Any CPU.ActiveCfg = Release|Any CPU
		{98F83FB7-821F-488B-9814-B9E51054BE48}.Release|Any CPU.Build.0 = Release|Any CPU
		{73D942EB-5F48-47D9-83C1-F46C2C8E5363}.Debug|Any CPU.ActiveCfg = Debug|Any CPU
		{73D942EB-5F48-47D9-83C1-F46C2C8E5363}.Debug|Any CPU.Build.0 = Debug|Any CPU
		{73D942EB-5F48-47D9-83C1-F46C2C8E5363}.Release|Any CPU.ActiveCfg = Release|Any CPU
		{73D942EB-5F48-47D9-83C1-F46C2C8E5363}.Release|Any CPU.Build.0 = Release|Any CPU
		{ABFDCA78-411C-4B4E-965C-8073E28CB035}.Debug|Any CPU.ActiveCfg = Debug|Any CPU
		{ABFDCA78-411C-4B4E-965C-8073E28CB035}.Debug|Any CPU.Build.0 = Debug|Any CPU
		{ABFDCA78-411C-4B4E-965C-8073E28CB035}.Release|Any CPU.ActiveCfg = Release|Any CPU
		{ABFDCA78-411C-4B4E-965C-8073E28CB035}.Release|Any CPU.Build.0 = Release|Any CPU
		{CE30A179-F69E-41FB-A999-8D10FDF2A5D7}.Debug|Any CPU.ActiveCfg = Debug|Any CPU
		{CE30A179-F69E-41FB-A999-8D10FDF2A5D7}.Debug|Any CPU.Build.0 = Debug|Any CPU
		{CE30A179-F69E-41FB-A999-8D10FDF2A5D7}.Release|Any CPU.ActiveCfg = Release|Any CPU
		{CE30A179-F69E-41FB-A999-8D10FDF2A5D7}.Release|Any CPU.Build.0 = Release|Any CPU
	EndGlobalSection
	GlobalSection(SolutionProperties) = preSolution
		HideSolutionNode = FALSE
	EndGlobalSection
	GlobalSection(ExtensibilityGlobals) = postSolution
		SolutionGuid = {A4A823A6-FED3-497C-BE9E-1051D11DA6B8}
	EndGlobalSection
EndGlobal
